
Microsoft Visual Studio Solution File, Format Version 12.00
# Visual Studio Version 16
VisualStudioVersion = 16.0.32228.343
MinimumVisualStudioVersion = 10.0.40219.1
Project("{FAE04EC0-301F-11D3-BF4B-00C04F79EFBC}") = "Project", "Project\Project.csproj", "{91C1046E-AB68-4622-B98F-49D543EF20B0}"
EndProject
Project("{2150E333-8FDC-42A3-9474-1A3956D46DE8}") = "1-Web", "1-Web", "{5A0F3057-8656-4E12-AFDE-BF541C4CBA37}"
EndProject
Project("{2150E333-8FDC-42A3-9474-1A3956D46DE8}") = "2-Application", "2-Application", "{06A2F539-C544-436D-B01A-5C98BC477A66}"
EndProject
Project("{2150E333-8FDC-42A3-9474-1A3956D46DE8}") = "3-Domain", "3-Domain", "{C2A9F9B9-5B32-4CD0-84ED-47347B222D40}"
EndProject
Project("{2150E333-8FDC-42A3-9474-1A3956D46DE8}") = "4-Infra", "4-Infra", "{DAB504EE-0487-4E06-8235-BB059538865B}"
EndProject
Project("{FAE04EC0-301F-11D3-BF4B-00C04F79EFBC}") = "Project.Application", "Project.Application\Project.Application.csproj", "{7568FCC5-2C52-436C-B449-8CB2E0198E26}"
EndProject
Project("{FAE04EC0-301F-11D3-BF4B-00C04F79EFBC}") = "Project.Domain", "Project.Domain\Project.Domain.csproj", "{570C3F25-36CB-44D8-AB7B-A463270EA0CC}"
EndProject
Project("{2150E333-8FDC-42A3-9474-1A3956D46DE8}") = "4.1-Data", "4.1-Data", "{C36C9256-C106-4DA5-9FA6-6D2688188578}"
EndProject
Project("{FAE04EC0-301F-11D3-BF4B-00C04F79EFBC}") = "Project.Data", "Project.Data\Project.Data.csproj", "{804C9757-31F4-4862-80BD-25415BE9D57D}"
EndProject
Global
	GlobalSection(SolutionConfigurationPlatforms) = preSolution
		Debug|Any CPU = Debug|Any CPU
		Release|Any CPU = Release|Any CPU
	EndGlobalSection
	GlobalSection(ProjectConfigurationPlatforms) = postSolution
		{91C1046E-AB68-4622-B98F-49D543EF20B0}.Debug|Any CPU.ActiveCfg = Debug|Any CPU
		{91C1046E-AB68-4622-B98F-49D543EF20B0}.Debug|Any CPU.Build.0 = Debug|Any CPU
		{91C1046E-AB68-4622-B98F-49D543EF20B0}.Release|Any CPU.ActiveCfg = Release|Any CPU
		{91C1046E-AB68-4622-B98F-49D543EF20B0}.Release|Any CPU.Build.0 = Release|Any CPU
		{7568FCC5-2C52-436C-B449-8CB2E0198E26}.Debug|Any CPU.ActiveCfg = Debug|Any CPU
		{7568FCC5-2C52-436C-B449-8CB2E0198E26}.Debug|Any CPU.Build.0 = Debug|Any CPU
		{7568FCC5-2C52-436C-B449-8CB2E0198E26}.Release|Any CPU.ActiveCfg = Release|Any CPU
		{7568FCC5-2C52-436C-B449-8CB2E0198E26}.Release|Any CPU.Build.0 = Release|Any CPU
		{570C3F25-36CB-44D8-AB7B-A463270EA0CC}.Debug|Any CPU.ActiveCfg = Debug|Any CPU
		{570C3F25-36CB-44D8-AB7B-A463270EA0CC}.Debug|Any CPU.Build.0 = Debug|Any CPU
		{570C3F25-36CB-44D8-AB7B-A463270EA0CC}.Release|Any CPU.ActiveCfg = Release|Any CPU
		{570C3F25-36CB-44D8-AB7B-A463270EA0CC}.Release|Any CPU.Build.0 = Release|Any CPU
		{804C9757-31F4-4862-80BD-25415BE9D57D}.Debug|Any CPU.ActiveCfg = Debug|Any CPU
		{804C9757-31F4-4862-80BD-25415BE9D57D}.Debug|Any CPU.Build.0 = Debug|Any CPU
		{804C9757-31F4-4862-80BD-25415BE9D57D}.Release|Any CPU.ActiveCfg = Release|Any CPU
		{804C9757-31F4-4862-80BD-25415BE9D57D}.Release|Any CPU.Build.0 = Release|Any CPU
	EndGlobalSection
	GlobalSection(SolutionProperties) = preSolution
		HideSolutionNode = FALSE
	EndGlobalSection
	GlobalSection(NestedProjects) = preSolution
		{91C1046E-AB68-4622-B98F-49D543EF20B0} = {5A0F3057-8656-4E12-AFDE-BF541C4CBA37}
		{7568FCC5-2C52-436C-B449-8CB2E0198E26} = {06A2F539-C544-436D-B01A-5C98BC477A66}
		{570C3F25-36CB-44D8-AB7B-A463270EA0CC} = {C2A9F9B9-5B32-4CD0-84ED-47347B222D40}
		{C36C9256-C106-4DA5-9FA6-6D2688188578} = {DAB504EE-0487-4E06-8235-BB059538865B}
		{804C9757-31F4-4862-80BD-25415BE9D57D} = {C36C9256-C106-4DA5-9FA6-6D2688188578}
	EndGlobalSection
	GlobalSection(ExtensibilityGlobals) = postSolution
		SolutionGuid = {4D48B579-BCE2-41E2-AF82-2E026742AE64}
	EndGlobalSection
EndGlobal
